{
  "name": "yunbay-ldxp-browser-worker",
  "lockfileVersion": 3,
  "requires": true,
  "packages": {
    "": {
      "name": "yunbay-ldxp-browser-worker",
      "dependencies": {
        "imapflow": "*",
        "mailparser": "*",
        "pino": "*",
        "playwright": "*"
      },
      "devDependencies": {
        "@types/node": "*",
        "typescript": "*"
      }
    },
    "node_modules/@pinojs/redact": {
      "version": "0.4.0",
      "license": "MIT"
    },
    "node_modules/@selderee/plugin-htmlparser2": {
      "version": "0.12.0",
      "license": "MIT",
      "dependencies": {
        "domelementtype": "~2.3.0",
        "domhandler": "~5.0.3"
      },
      "funding": {
        "url": "https://github.com/sponsors/KillyMXI"
      },
      "peerDependencies": {
        "selderee": "~0.12.0"
      }
    },
    "node_modules/@types/node": {
      "version": "26.0.1",
      "resolved": "https://registry.npmjs.org/@types/node/-/node-26.0.1.tgz",
      "integrity": "sha512-fc3KiUoBt6kie0N9bIW3E47vZsuaMf0PM2AaUpLCLT0s/LvX1nxAim6Fc049cNxODPpGm6qRAuUOB86SkRuPQw==",
      "dev": true,
      "license": "MIT",
      "dependencies": {
        "undici-types": "~8.3.0"
      }
    },
    "node_modules/@zone-eu/mailsplit": {
      "version": "5.4.13",
      "license": "(MIT OR EUPL-1.1+)",
      "dependencies": {
        "libbase64": "1.3.0",
        "libmime": "5.4.0",
        "libqp": "2.1.1"
      }
    },
    "node_modules/atomic-sleep": {
      "version": "1.0.0",
      "license": "MIT",
      "engines": {
        "node": ">=8.0.0"
      }
    },
    "node_modules/deepmerge-ts": {
      "version": "7.1.5",
      "license": "BSD-3-Clause",
      "engines": {
        "node": ">=16.0.0"
      }
    },
    "node_modules/dom-serializer": {
      "version": "2.0.0",
      "license": "MIT",
      "dependencies": {
        "domelementtype": "^2.3.0",
        "domhandler": "^5.0.2",
        "entities": "^4.2.0"
      },
      "funding": {
        "url": "https://github.com/cheeriojs/dom-serializer?sponsor=1"
      }
    },
    "node_modules/domelementtype": {
      "version": "2.3.0",
      "funding": [
        {
          "type": "github",
          "url": "https://github.com/sponsors/fb55"
        }
      ],
      "license": "BSD-2-Clause"
    },
    "node_modules/domhandler": {
      "version": "5.0.3",
      "license": "BSD-2-Clause",
      "dependencies": {
        "domelementtype": "^2.3.0"
      },
      "engines": {
        "node": ">= 4"
      },
      "funding": {
        "url": "https://github.com/fb55/domhandler?sponsor=1"
      }
    },
    "node_modules/domutils": {
      "version": "3.2.2",
      "license": "BSD-2-Clause",
      "dependencies": {
        "dom-serializer": "^2.0.0",
        "domelementtype": "^2.3.0",
        "domhandler": "^5.0.3"
      },
      "funding": {
        "url": "https://github.com/fb55/domutils?sponsor=1"
      }
    },
    "node_modules/encoding-japanese": {
      "version": "2.2.0",
      "license": "MIT",
      "engines": {
        "node": ">=8.10.0"
      }
    },
    "node_modules/entities": {
      "version": "4.5.0",
      "license": "BSD-2-Clause",
      "engines": {
        "node": ">=0.12"
      },
      "funding": {
        "url": "https://github.com/fb55/entities?sponsor=1"
      }
    },
    "node_modules/fsevents": {
      "version": "2.3.2",
      "license": "MIT",
      "optional": true,
      "os": [
        "darwin"
      ],
      "engines": {
        "node": "^8.16.0 || ^10.6.0 || >=11.0.0"
      }
    },
    "node_modules/he": {
      "version": "1.2.0",
      "license": "MIT",
      "bin": {
        "he": "bin/he"
      }
    },
    "node_modules/html-to-text": {
      "version": "10.0.0",
      "license": "MIT",
      "dependencies": {
        "@selderee/plugin-htmlparser2": "~0.12.0",
        "deepmerge-ts": "^7.1.5",
        "dom-serializer": "^2.0.0",
        "htmlparser2": "^10.1.0",
        "selderee": "~0.12.0"
      },
      "engines": {
        "node": ">=20.19.0"
      },
      "funding": {
        "url": "https://github.com/sponsors/KillyMXI"
      }
    },
    "node_modules/htmlparser2": {
      "version": "10.1.0",
      "funding": [
        "https://github.com/fb55/htmlparser2?sponsor=1",
        {
          "type": "github",
          "url": "https://github.com/sponsors/fb55"
        }
      ],
      "license": "MIT",
      "dependencies": {
        "domelementtype": "^2.3.0",
        "domhandler": "^5.0.3",
        "domutils": "^3.2.2",
        "entities": "^7.0.1"
      }
    },
    "node_modules/htmlparser2/node_modules/entities": {
      "version": "7.0.1",
      "license": "BSD-2-Clause",
      "engines": {
        "node": ">=0.12"
      },
      "funding": {
        "url": "https://github.com/fb55/entities?sponsor=1"
      }
    },
    "node_modules/iconv-lite": {
      "version": "0.7.2",
      "license": "MIT",
      "dependencies": {
        "safer-buffer": ">= 2.1.2 < 3.0.0"
      },
      "engines": {
        "node": ">=0.10.0"
      },
      "funding": {
        "type": "opencollective",
        "url": "https://opencollective.com/express"
      }
    },
    "node_modules/imapflow": {
      "version": "1.4.3",
      "resolved": "https://registry.npmjs.org/imapflow/-/imapflow-1.4.3.tgz",
      "integrity": "sha512-UNimp06TINpFLx7g5nXh/8+oykfaHy6zgvLuQseLifGrQUSqDexuSKrksM+uA9mQw1cYJTOVrFPRTHkK+W/tpw==",
      "license": "MIT",
      "dependencies": {
        "@zone-eu/mailsplit": "5.4.13",
        "encoding-japanese": "2.2.0",
        "iconv-lite": "0.7.2",
        "libbase64": "1.3.0",
        "libmime": "5.4.0",
        "libqp": "2.1.1",
        "nodemailer": "9.0.1",
        "pino": "10.3.1",
        "socks": "2.8.9"
      }
    },
    "node_modules/ip-address": {
      "version": "10.4.0",
      "resolved": "https://registry.npmjs.org/ip-address/-/ip-address-10.4.0.tgz",
      "integrity": "sha512-oSK96Grm3aP6OrS263xVxbNDGVL7rzBtYdpGqlDG8iQdoenDoTs/nkki+DflYbAEE8Xl6o5YxhxlrKvI3nqKXQ==",
      "license": "MIT",
      "engines": {
        "node": ">= 12"
      }
    },
    "node_modules/leac": {
      "version": "0.7.0",
      "license": "MIT",
      "funding": {
        "url": "https://github.com/sponsors/KillyMXI"
      }
    },
    "node_modules/libbase64": {
      "version": "1.3.0",
      "license": "MIT"
    },
    "node_modules/libmime": {
      "version": "5.4.0",
      "license": "MIT",
      "dependencies": {
        "encoding-japanese": "2.2.0",
        "iconv-lite": "0.7.2",
        "libbase64": "1.3.0",
        "libqp": "2.1.1"
      }
    },
    "node_modules/libqp": {
      "version": "2.1.1",
      "license": "MIT"
    },
    "node_modules/linkify-it": {
      "version": "5.0.1",
      "funding": [
        {
          "type": "github",
          "url": "https://github.com/sponsors/puzrin"
        },
        {
          "type": "github",
          "url": "https://github.com/sponsors/markdown-it"
        }
      ],
      "license": "MIT",
      "dependencies": {
        "uc.micro": "^2.0.0"
      }
    },
    "node_modules/mailparser": {
      "version": "3.9.12",
      "resolved": "https://registry.npmjs.org/mailparser/-/mailparser-3.9.12.tgz",
      "integrity": "sha512-kbT4xtkKEddonhDTjjWWVFJlI5axm0S9QuIAHs1ue3IEw+fNd9o4ytPKaG7p1LOE2aKifrWLjx/omOGLHz/9RQ==",
      "license": "MIT",
      "dependencies": {
        "@zone-eu/mailsplit": "5.4.13",
        "encoding-japanese": "2.2.0",
        "he": "1.2.0",
        "html-to-text": "10.0.0",
        "iconv-lite": "0.7.2",
        "libmime": "5.4.0",
        "linkify-it": "5.0.1",
        "nodemailer": "9.0.1",
        "punycode.js": "2.3.1",
        "tlds": "1.261.0"
      }
    },
    "node_modules/nodemailer": {
      "version": "9.0.1",
      "license": "MIT-0",
      "engines": {
        "node": ">=6.0.0"
      }
    },
    "node_modules/on-exit-leak-free": {
      "version": "2.1.2",
      "license": "MIT",
      "engines": {
        "node": ">=14.0.0"
      }
    },
    "node_modules/parseley": {
      "version": "0.13.1",
      "license": "MIT",
      "dependencies": {
        "leac": "^0.7.0",
        "peberminta": "^0.10.0"
      },
      "funding": {
        "url": "https://github.com/sponsors/KillyMXI"
      }
    },
    "node_modules/peberminta": {
      "version": "0.10.0",
      "license": "MIT",
      "funding": {
        "url": "https://github.com/sponsors/KillyMXI"
      }
    },
    "node_modules/pino": {
      "version": "10.3.1",
      "resolved": "https://registry.npmjs.org/pino/-/pino-10.3.1.tgz",
      "integrity": "sha512-r34yH/GlQpKZbU1BvFFqOjhISRo1MNx1tWYsYvmj6KIRHSPMT2+yHOEb1SG6NMvRoHRF0a07kCOox/9yakl1vg==",
      "license": "MIT",
      "dependencies": {
        "@pinojs/redact": "^0.4.0",
        "atomic-sleep": "^1.0.0",
        "on-exit-leak-free": "^2.1.0",
        "pino-abstract-transport": "^3.0.0",
        "pino-std-serializers": "^7.0.0",
        "process-warning": "^5.0.0",
        "quick-format-unescaped": "^4.0.3",
        "real-require": "^0.2.0",
        "safe-stable-stringify": "^2.3.1",
        "sonic-boom": "^4.0.1",
        "thread-stream": "^4.0.0"
      },
      "bin": {
        "pino": "bin.js"
      }
    },
    "node_modules/pino-abstract-transport": {
      "version": "3.0.0",
      "license": "MIT",
      "dependencies": {
        "split2": "^4.0.0"
      }
    },
    "node_modules/pino-std-serializers": {
      "version": "7.1.0",
      "license": "MIT"
    },
    "node_modules/playwright": {
      "version": "1.61.1",
      "resolved": "https://registry.npmjs.org/playwright/-/playwright-1.61.1.tgz",
      "integrity": "sha512-DWnY5o3YbLWK4GovuAVwpqL+1VwGNdUGrRr++8j8PtQQzvAVZUIMjKQ90fY689sEJZJBbZVw1rXaOKSTitkzPQ==",
      "license": "Apache-2.0",
      "dependencies": {
        "playwright-core": "1.61.1"
      },
      "bin": {
        "playwright": "cli.js"
      },
      "engines": {
        "node": ">=18"
      },
      "optionalDependencies": {
        "fsevents": "2.3.2"
      }
    },
    "node_modules/playwright-core": {
      "version": "1.61.1",
      "license": "Apache-2.0",
      "bin": {
        "playwright-core": "cli.js"
      },
      "engines": {
        "node": ">=18"
      }
    },
    "node_modules/process-warning": {
      "version": "5.0.0",
      "funding": [
        {
          "type": "github",
          "url": "https://github.com/sponsors/fastify"
        },
        {
          "type": "opencollective",
          "url": "https://opencollective.com/fastify"
        }
      ],
      "license": "MIT"
    },
    "node_modules/punycode.js": {
      "version": "2.3.1",
      "license": "MIT",
      "engines": {
        "node": ">=6"
      }
    },
    "node_modules/quick-format-unescaped": {
      "version": "4.0.4",
      "license": "MIT"
    },
    "node_modules/real-require": {
      "version": "0.2.0",
      "license": "MIT",
      "engines": {
        "node": ">= 12.13.0"
      }
    },
    "node_modules/safe-stable-stringify": {
      "version": "2.5.0",
      "license": "MIT",
      "engines": {
        "node": ">=10"
      }
    },
    "node_modules/safer-buffer": {
      "version": "2.1.2",
      "license": "MIT"
    },
    "node_modules/selderee": {
      "version": "0.12.0",
      "license": "MIT",
      "dependencies": {
        "parseley": "~0.13.1"
      },
      "funding": {
        "url": "https://github.com/sponsors/KillyMXI"
      }
    },
    "node_modules/smart-buffer": {
      "version": "4.2.0",
      "license": "MIT",
      "engines": {
        "node": ">= 6.0.0",
        "npm": ">= 3.0.0"
      }
    },
    "node_modules/socks": {
      "version": "2.8.9",
      "license": "MIT",
      "dependencies": {
        "ip-address": "^10.1.1",
        "smart-buffer": "^4.2.0"
      },
      "engines": {
        "node": ">= 10.0.0",
        "npm": ">= 3.0.0"
      }
    },
    "node_modules/sonic-boom": {
      "version": "4.2.1",
      "license": "MIT",
      "dependencies": {
        "atomic-sleep": "^1.0.0"
      }
    },
    "node_modules/split2": {
      "version": "4.2.0",
      "license": "ISC",
      "engines": {
        "node": ">= 10.x"
      }
    },
    "node_modules/thread-stream": {
      "version": "4.2.0",
      "license": "MIT",
      "dependencies": {
        "real-require": "^1.0.0"
      },
      "engines": {
        "node": ">=20"
      }
    },
    "node_modules/thread-stream/node_modules/real-require": {
      "version": "1.0.0",
      "license": "MIT"
    },
    "node_modules/tlds": {
      "version": "1.261.0",
      "license": "MIT",
      "bin": {
        "tlds": "bin.js"
      }
    },
    "node_modules/typescript": {
      "version": "6.0.3",
      "resolved": "https://registry.npmjs.org/typescript/-/typescript-6.0.3.tgz",
      "integrity": "sha512-y2TvuxSZPDyQakkFRPZHKFm+KKVqIisdg9/CZwm9ftvKXLP8NRWj38/ODjNbr43SsoXqNuAisEf1GdCxqWcdBw==",
      "dev": true,
      "license": "Apache-2.0",
      "bin": {
        "tsc": "bin/tsc",
        "tsserver": "bin/tsserver"
      },
      "engines": {
        "node": ">=14.17"
      }
    },
    "node_modules/uc.micro": {
      "version": "2.1.0",
      "license": "MIT"
    },
    "node_modules/undici-types": {
      "version": "8.3.0",
      "dev": true,
      "license": "MIT"
    }
  }
}
